<?xml version="1.0" encoding="utf-8"?>
<Project ToolsVersion="4.0" xmlns="http://schemas.microsoft.com/developer/msbuild/2003">
  <ItemGroup>
    <Filter Include="Source Files">
      <UniqueIdentifier>{4FC737F1-C7A5-4376-A066-2A32D752A2FF}</UniqueIdentifier>
      <Extensions>cpp;c;cc;cxx;def;odl;idl;hpj;bat;asm;asmx</Extensions>
    </Filter>
    <Filter Include="Header Files">
      <UniqueIdentifier>{93995380-89BD-4b04-88EB-625FBE52EBFB}</UniqueIdentifier>
      <Extensions>h;hh;hpp;hxx;hm;inl;inc;xsd</Extensions>
    </Filter>
    <Filter Include="Resource Files">
      <UniqueIdentifier>{67DA6AB6-F800-4c08-8B7A-83BB121AAD01}</UniqueIdentifier>
      <Extensions>rc;ico;cur;bmp;dlg;rc2;rct;bin;rgs;gif;jpg;jpeg;jpe;resx;tiff;tif;png;wav;mfcribbon-ms</Extensions>
    </Filter>
    <Filter Include="Source Files\API">
      <UniqueIdentifier>{7f2b6325-1124-4513-951d-5da2c87f58e5}</UniqueIdentifier>
    </Filter>
    <Filter Include="Header Files\API">
      <UniqueIdentifier>{2d3da92e-81e0-4ded-a8d9-3d83021b789d}</UniqueIdentifier>
    </Filter>
    <Filter Include="Header Files\Gameplay">
      <UniqueIdentifier>{b510b7bb-c811-45a6-b7c5-f851ed9ccf6e}</UniqueIdentifier>
    </Filter>
    <Filter Include="Source Files\Gameplay">
      <UniqueIdentifier>{c2474826-7072-4a7c-9e27-9bdf829a814b}</UniqueIdentifier>
    </Filter>
  </ItemGroup>
  <ItemGroup>
    <ClInclude Include="ActionCall.h">
      <Filter>Header Files\API</Filter>
    </ClInclude>
    <ClInclude Include="BehaviourItem.h">
      <Filter>Header Files\API</Filter>
    </ClInclude>
    <ClInclude Include="Clock.h">
      <Filter>Header Files\API</Filter>
    </ClInclude>
    <ClInclude Include="ExternalReferences.h">
      <Filter>Header Files\API</Filter>
    </ClInclude>
    <ClInclude Include="Input.h">
      <Filter>Header Files\API</Filter>
    </ClInclude>
    <ClInclude Include="Keycode.h">
      <Filter>Header Files\API</Filter>
    </ClInclude>
    <ClInclude Include="MainInstance.h">
      <Filter>Header Files\API</Filter>
    </ClInclude>
    <ClInclude Include="SharedAPI.h">
      <Filter>Header Files\API</Filter>
    </ClInclude>
    <ClInclude Include="Singleton.h">
      <Filter>Header Files\API</Filter>
    </ClInclude>
    <ClInclude Include="Vector3.h">
      <Filter>Header Files\API</Filter>
    </ClInclude>
    <ClInclude Include="Map.h">
      <Filter>Header Files\Gameplay</Filter>
    </ClInclude>
    <ClInclude Include="SnakeNode.h">
      <Filter>Header Files\Gameplay</Filter>
    </ClInclude>
    <ClInclude Include="GameplayHolder.h">
      <Filter>Header Files\API</Filter>
    </ClInclude>
    <ClInclude Include="SnakeGameplay.h">
      <Filter>Header Files\Gameplay</Filter>
    </ClInclude>
    <ClInclude Include="Snake.h">
      <Filter>Header Files\Gameplay</Filter>
    </ClInclude>
    <ClInclude Include="Logger.h">
      <Filter>Header Files\API</Filter>
    </ClInclude>
    <ClInclude Include="Apple.h">
      <Filter>Header Files\Gameplay</Filter>
    </ClInclude>
  </ItemGroup>
  <ItemGroup>
    <ClCompile Include="BehaviourItem.cpp">
      <Filter>Source Files\API</Filter>
    </ClCompile>
    <ClCompile Include="Clock.cpp">
      <Filter>Source Files\API</Filter>
    </ClCompile>
    <ClCompile Include="ExternalReferences.cpp">
      <Filter>Source Files\API</Filter>
    </ClCompile>
    <ClCompile Include="Input.cpp">
      <Filter>Source Files\API</Filter>
    </ClCompile>
    <ClCompile Include="MainInstance.cpp">
      <Filter>Source Files\API</Filter>
    </ClCompile>
    <ClCompile Include="Vector3.cpp">
      <Filter>Source Files\API</Filter>
    </ClCompile>
    <ClCompile Include="SharedAPI.cpp">
      <Filter>Source Files\API</Filter>
    </ClCompile>
    <ClCompile Include="Map.cpp">
      <Filter>Source Files\Gameplay</Filter>
    </ClCompile>
    <ClCompile Include="SnakeNode.cpp">
      <Filter>Source Files\Gameplay</Filter>
    </ClCompile>
    <ClCompile Include="GameplayHolder.cpp">
      <Filter>Source Files\API</Filter>
    </ClCompile>
    <ClCompile Include="SnakeGameplay.cpp">
      <Filter>Source Files\Gameplay</Filter>
    </ClCompile>
    <ClCompile Include="Snake.cpp">
      <Filter>Source Files\Gameplay</Filter>
    </ClCompile>
    <ClCompile Include="Logger.cpp">
      <Filter>Source Files\API</Filter>
    </ClCompile>
    <ClCompile Include="Apple.cpp">
      <Filter>Source Files\Gameplay</Filter>
    </ClCompile>
  </ItemGroup>
</Project>